
Microsoft Visual Studio Solution File, Format Version 12.00
# Visual Studio 15
VisualStudioVersion = 15.0.28307.1525
MinimumVisualStudioVersion = 10.0.40219.1
Project("{FAE04EC0-301F-11D3-BF4B-00C04F79EFBC}") = "WebApplication4", "WebApplication4\WebApplication4.csproj", "{5A735780-62F2-490D-97BA-E4BC7498ACE8}"
EndProject
Project("{FAE04EC0-301F-11D3-BF4B-00C04F79EFBC}") = "WebApplication4.Tests", "WebApplication4.Tests\WebApplication4.Tests.csproj", "{B38B1968-4D6D-4E12-B1B9-D616E2D71516}"
EndProject
Global
	GlobalSection(SolutionConfigurationPlatforms) = preSolution
		Debug|Any CPU = Debug|Any CPU
		Release|Any CPU = Release|Any CPU
	EndGlobalSection
	GlobalSection(ProjectConfigurationPlatforms) = postSolution
		{5A735780-62F2-490D-97BA-E4BC7498ACE8}.Debug|Any CPU.ActiveCfg = Debug|Any CPU
		{5A735780-62F2-490D-97BA-E4BC7498ACE8}.Debug|Any CPU.Build.0 = Debug|Any CPU
		{5A735780-62F2-490D-97BA-E4BC7498ACE8}.Release|Any CPU.ActiveCfg = Release|Any CPU
		{5A735780-62F2-490D-97BA-E4BC7498ACE8}.Release|Any CPU.Build.0 = Release|Any CPU
		{B38B1968-4D6D-4E12-B1B9-D616E2D71516}.Debug|Any CPU.ActiveCfg = Debug|Any CPU
		{B38B1968-4D6D-4E12-B1B9-D616E2D71516}.Debug|Any CPU.Build.0 = Debug|Any CPU
		{B38B1968-4D6D-4E12-B1B9-D616E2D71516}.Release|Any CPU.ActiveCfg = Release|Any CPU
		{B38B1968-4D6D-4E12-B1B9-D616E2D71516}.Release|Any CPU.Build.0 = Release|Any CPU
	EndGlobalSection
	GlobalSection(SolutionProperties) = preSolution
		HideSolutionNode = FALSE
	EndGlobalSection
	GlobalSection(ExtensibilityGlobals) = postSolution
		SolutionGuid = {0DCB7655-97FB-434F-B1E1-6BF4AA86C55C}
	EndGlobalSection
EndGlobal
